
Microsoft Visual Studio Solution File, Format Version 12.00
# Visual Studio Version 16
VisualStudioVersion = 16.0.29411.108
MinimumVisualStudioVersion = 10.0.40219.1
Project("{FAE04EC0-301F-11D3-BF4B-00C04F79EFBC}") = "HelixWatchdog", "HelixWatchdog\HelixWatchdog.csproj", "{10BD501C-0F5E-4956-BC57-8AA73C7251E2}"
EndProject
Project("{FAE04EC0-301F-11D3-BF4B-00C04F79EFBC}") = "HelixWatchdog.Tests", "HelixWatchdog.Tests\HelixWatchdog.Tests.csproj", "{500D5F2E-3A69-4C19-8E24-C31349B274A5}"
EndProject
Project("{FAE04EC0-301F-11D3-BF4B-00C04F79EFBC}") = "HelixWatchdog.Core", "HelixWatchdog.Core\HelixWatchdog.Core.csproj", "{B4462406-5317-450D-A2F2-0DD6CC6307B4}"
EndProject
Global
	GlobalSection(SolutionConfigurationPlatforms) = preSolution
		Debug|Any CPU = Debug|Any CPU
		Release|Any CPU = Release|Any CPU
	EndGlobalSection
	GlobalSection(ProjectConfigurationPlatforms) = postSolution
		{10BD501C-0F5E-4956-BC57-8AA73C7251E2}.Debug|Any CPU.ActiveCfg = Debug|Any CPU
		{10BD501C-0F5E-4956-BC57-8AA73C7251E2}.Debug|Any CPU.Build.0 = Debug|Any CPU
		{10BD501C-0F5E-4956-BC57-8AA73C7251E2}.Release|Any CPU.ActiveCfg = Release|Any CPU
		{10BD501C-0F5E-4956-BC57-8AA73C7251E2}.Release|Any CPU.Build.0 = Release|Any CPU
		{500D5F2E-3A69-4C19-8E24-C31349B274A5}.Debug|Any CPU.ActiveCfg = Debug|Any CPU
		{500D5F2E-3A69-4C19-8E24-C31349B274A5}.Debug|Any CPU.Build.0 = Debug|Any CPU
		{500D5F2E-3A69-4C19-8E24-C31349B274A5}.Release|Any CPU.ActiveCfg = Release|Any CPU
		{500D5F2E-3A69-4C19-8E24-C31349B274A5}.Release|Any CPU.Build.0 = Release|Any CPU
		{B4462406-5317-450D-A2F2-0DD6CC6307B4}.Debug|Any CPU.ActiveCfg = Debug|Any CPU
		{B4462406-5317-450D-A2F2-0DD6CC6307B4}.Debug|Any CPU.Build.0 = Debug|Any CPU
		{B4462406-5317-450D-A2F2-0DD6CC6307B4}.Release|Any CPU.ActiveCfg = Release|Any CPU
		{B4462406-5317-450D-A2F2-0DD6CC6307B4}.Release|Any CPU.Build.0 = Release|Any CPU
	EndGlobalSection
	GlobalSection(SolutionProperties) = preSolution
		HideSolutionNode = FALSE
	EndGlobalSection
	GlobalSection(ExtensibilityGlobals) = postSolution
		SolutionGuid = {17287832-C270-4F1C-B694-F94BE06E3417}
	EndGlobalSection
EndGlobal
